
Microsoft Visual Studio Solution File, Format Version 12.00
# Visual Studio 15
VisualStudioVersion = 15.0.26124.0
MinimumVisualStudioVersion = 15.0.26124.0
Project("{F2A71F9B-5D33-465A-A702-920D77279786}") = "emulsion", "Emulsion\Emulsion.fsproj", "{8DBF7A33-B6C7-4CE7-BD8F-52131BF76CF5}"
EndProject
Project("{2150E333-8FDC-42A3-9474-1A3956D46DE8}") = "Solution Items", "Solution Items", "{F808B78E-D51E-47CC-A155-8EB39CBBB1AE}"
	ProjectSection(SolutionItems) = preProject
		.gitignore = .gitignore
		emulsion.example.json = emulsion.example.json
		LICENSE.md = LICENSE.md
		README.md = README.md
		CHANGELOG.md = CHANGELOG.md
		NuGet.Config = NuGet.Config
		Dockerfile = Dockerfile
	EndProjectSection
EndProject
Project("{F2A71F9B-5D33-465A-A702-920D77279786}") = "Emulsion.Tests", "Emulsion.Tests\Emulsion.Tests.fsproj", "{1B3B65DD-FD58-45FA-B6FF-8532B513A7D9}"
EndProject
Project("{2150E333-8FDC-42A3-9474-1A3956D46DE8}") = ".github", ".github", "{973131E1-E645-4A50-A0D2-1886A1A8F0C6}"
EndProject
Project("{2150E333-8FDC-42A3-9474-1A3956D46DE8}") = "workflows", "workflows", "{7D1ADF47-BF1C-4007-BB9B-08C283044467}"
ProjectSection(SolutionItems) = preProject
	.github\workflows\main.yml = .github\workflows\main.yml
	.github\workflows\docker.yml = .github\workflows\docker.yml
EndProjectSection
EndProject
Project("{F2A71F9B-5D33-465A-A702-920D77279786}") = "Emulsion.Database", "Emulsion.Database\Emulsion.Database.fsproj", "{0111F688-1AE2-4B5D-BF46-D60B64078788}"
EndProject
Project("{2150E333-8FDC-42A3-9474-1A3956D46DE8}") = ".config", ".config", "{D03C4F4A-9806-46AA-8654-14363DFB3FBE}"
ProjectSection(SolutionItems) = preProject
	.config\dotnet-tools.json = .config\dotnet-tools.json
EndProjectSection
EndProject
Project("{2150E333-8FDC-42A3-9474-1A3956D46DE8}") = "docs", "docs", "{12336258-82C7-4C09-A73F-8D0B146578B2}"
ProjectSection(SolutionItems) = preProject
	docs\create-migration.md = docs\create-migration.md
EndProjectSection
EndProject
Project("{F2A71F9B-5D33-465A-A702-920D77279786}") = "Emulsion.ContentProxy", "Emulsion.ContentProxy\Emulsion.ContentProxy.fsproj", "{A520FD41-A1CB-4062-AFBC-62A8BED12E81}"
EndProject
Global
	GlobalSection(SolutionConfigurationPlatforms) = preSolution
		Debug|Any CPU = Debug|Any CPU
		Release|Any CPU = Release|Any CPU
	EndGlobalSection
	GlobalSection(SolutionProperties) = preSolution
		HideSolutionNode = FALSE
	EndGlobalSection
	GlobalSection(ProjectConfigurationPlatforms) = postSolution
		{8DBF7A33-B6C7-4CE7-BD8F-52131BF76CF5}.Debug|Any CPU.ActiveCfg = Debug|Any CPU
		{8DBF7A33-B6C7-4CE7-BD8F-52131BF76CF5}.Debug|Any CPU.Build.0 = Debug|Any CPU
		{8DBF7A33-B6C7-4CE7-BD8F-52131BF76CF5}.Release|Any CPU.ActiveCfg = Release|Any CPU
		{8DBF7A33-B6C7-4CE7-BD8F-52131BF76CF5}.Release|Any CPU.Build.0 = Release|Any CPU
		{1B3B65DD-FD58-45FA-B6FF-8532B513A7D9}.Debug|Any CPU.ActiveCfg = Debug|Any CPU
		{1B3B65DD-FD58-45FA-B6FF-8532B513A7D9}.Debug|Any CPU.Build.0 = Debug|Any CPU
		{1B3B65DD-FD58-45FA-B6FF-8532B513A7D9}.Release|Any CPU.ActiveCfg = Release|Any CPU
		{1B3B65DD-FD58-45FA-B6FF-8532B513A7D9}.Release|Any CPU.Build.0 = Release|Any CPU
		{0111F688-1AE2-4B5D-BF46-D60B64078788}.Debug|Any CPU.ActiveCfg = Debug|Any CPU
		{0111F688-1AE2-4B5D-BF46-D60B64078788}.Debug|Any CPU.Build.0 = Debug|Any CPU
		{0111F688-1AE2-4B5D-BF46-D60B64078788}.Release|Any CPU.ActiveCfg = Release|Any CPU
		{0111F688-1AE2-4B5D-BF46-D60B64078788}.Release|Any CPU.Build.0 = Release|Any CPU
		{A520FD41-A1CB-4062-AFBC-62A8BED12E81}.Debug|Any CPU.ActiveCfg = Debug|Any CPU
		{A520FD41-A1CB-4062-AFBC-62A8BED12E81}.Debug|Any CPU.Build.0 = Debug|Any CPU
		{A520FD41-A1CB-4062-AFBC-62A8BED12E81}.Release|Any CPU.ActiveCfg = Release|Any CPU
		{A520FD41-A1CB-4062-AFBC-62A8BED12E81}.Release|Any CPU.Build.0 = Release|Any CPU
	EndGlobalSection
	GlobalSection(NestedProjects) = preSolution
		{7D1ADF47-BF1C-4007-BB9B-08C283044467} = {973131E1-E645-4A50-A0D2-1886A1A8F0C6}
	EndGlobalSection
EndGlobal
